
Microsoft Visual Studio Solution File, Format Version 11.00
# Visual Studio 2010
Project("{8BC9CEB8-8B4A-11D0-8D11-00A0C91BC942}") = "libEasyOSS", "libEasyOSS\libEasyOSS.vcxproj", "{7A956F7C-F851-4C91-A137-1287E6E1BA67}"
EndProject
Project("{8BC9CEB8-8B4A-11D0-8D11-00A0C91BC942}") = "oss_c_sdk_lib", "oss_c_sdk_lib\oss_c_sdk_lib.vcxproj", "{921A4B95-8106-45C1-95A7-814AE964C2C3}"
EndProject
Project("{8BC9CEB8-8B4A-11D0-8D11-00A0C91BC942}") = "EasyOSSTest", "EasyOSSTest\EasyOSSTest.vcxproj", "{DA46AE08-08BB-4CC0-92BA-2B8A29B77E15}"
EndProject
Global
	GlobalSection(SolutionConfigurationPlatforms) = preSolution
		Debug|Win32 = Debug|Win32
		Release|Win32 = Release|Win32
	EndGlobalSection
	GlobalSection(ProjectConfigurationPlatforms) = postSolution
		{7A956F7C-F851-4C91-A137-1287E6E1BA67}.Debug|Win32.ActiveCfg = Debug|Win32
		{7A956F7C-F851-4C91-A137-1287E6E1BA67}.Debug|Win32.Build.0 = Debug|Win32
		{7A956F7C-F851-4C91-A137-1287E6E1BA67}.Release|Win32.ActiveCfg = Release|Win32
		{7A956F7C-F851-4C91-A137-1287E6E1BA67}.Release|Win32.Build.0 = Release|Win32
		{921A4B95-8106-45C1-95A7-814AE964C2C3}.Debug|Win32.ActiveCfg = Debug|Win32
		{921A4B95-8106-45C1-95A7-814AE964C2C3}.Debug|Win32.Build.0 = Debug|Win32
		{921A4B95-8106-45C1-95A7-814AE964C2C3}.Release|Win32.ActiveCfg = Release|Win32
		{921A4B95-8106-45C1-95A7-814AE964C2C3}.Release|Win32.Build.0 = Release|Win32
		{DA46AE08-08BB-4CC0-92BA-2B8A29B77E15}.Debug|Win32.ActiveCfg = Debug|Win32
		{DA46AE08-08BB-4CC0-92BA-2B8A29B77E15}.Debug|Win32.Build.0 = Debug|Win32
		{DA46AE08-08BB-4CC0-92BA-2B8A29B77E15}.Release|Win32.ActiveCfg = Release|Win32
		{DA46AE08-08BB-4CC0-92BA-2B8A29B77E15}.Release|Win32.Build.0 = Release|Win32
	EndGlobalSection
	GlobalSection(SolutionProperties) = preSolution
		HideSolutionNode = FALSE
	EndGlobalSection
EndGlobal
